
Microsoft Visual Studio Solution File, Format Version 12.00
# Visual Studio Version 17
VisualStudioVersion = 17.0.31903.59
MinimumVisualStudioVersion = 10.0.40219.1
Project("{2150E333-8FDC-42A3-9474-1A3956D46DE8}") = "src", "src", "{282C085A-3A6E-4778-845E-68E29B535AA8}"
EndProject
Project("{FAE04EC0-301F-11D3-BF4B-00C04F79EFBC}") = "EDI275AttachmentParser", "src\EDI275AttachmentParser\EDI275AttachmentParser.csproj", "{F4E34674-28E5-4983-A5C5-72283C448D9C}"
EndProject
Global
	GlobalSection(SolutionConfigurationPlatforms) = preSolution
		Debug|Any CPU = Debug|Any CPU
		Release|Any CPU = Release|Any CPU
	EndGlobalSection
	GlobalSection(SolutionProperties) = preSolution
		HideSolutionNode = FALSE
	EndGlobalSection
	GlobalSection(ProjectConfigurationPlatforms) = postSolution
		{F4E34674-28E5-4983-A5C5-72283C448D9C}.Debug|Any CPU.ActiveCfg = Debug|Any CPU
		{F4E34674-28E5-4983-A5C5-72283C448D9C}.Debug|Any CPU.Build.0 = Debug|Any CPU
		{F4E34674-28E5-4983-A5C5-72283C448D9C}.Release|Any CPU.ActiveCfg = Release|Any CPU
		{F4E34674-28E5-4983-A5C5-72283C448D9C}.Release|Any CPU.Build.0 = Release|Any CPU
	EndGlobalSection
	GlobalSection(NestedProjects) = preSolution
		{F4E34674-28E5-4983-A5C5-72283C448D9C} = {282C085A-3A6E-4778-845E-68E29B535AA8}
	EndGlobalSection
EndGlobal
