
Microsoft Visual Studio Solution File, Format Version 12.00
# Visual Studio Version 17
VisualStudioVersion = 17.14.36623.8 d17.14
MinimumVisualStudioVersion = 10.0.40219.1
Project("{FAE04EC0-301F-11D3-BF4B-00C04F79EFBC}") = "X12_IngestionServer", "src\X12EDI_Ingestion\X12_IngestionServer\X12_IngestionServer.csproj", "{BE10F402-E58C-4B45-8E50-17CCEAE5CB80}"
EndProject
Global
	GlobalSection(SolutionConfigurationPlatforms) = preSolution
		Debug|Any CPU = Debug|Any CPU
		Release|Any CPU = Release|Any CPU
	EndGlobalSection
	GlobalSection(ProjectConfigurationPlatforms) = postSolution
		{BE10F402-E58C-4B45-8E50-17CCEAE5CB80}.Debug|Any CPU.ActiveCfg = Debug|Any CPU
		{BE10F402-E58C-4B45-8E50-17CCEAE5CB80}.Debug|Any CPU.Build.0 = Debug|Any CPU
		{BE10F402-E58C-4B45-8E50-17CCEAE5CB80}.Release|Any CPU.ActiveCfg = Release|Any CPU
		{BE10F402-E58C-4B45-8E50-17CCEAE5CB80}.Release|Any CPU.Build.0 = Release|Any CPU
	EndGlobalSection
	GlobalSection(SolutionProperties) = preSolution
		HideSolutionNode = FALSE
	EndGlobalSection
	GlobalSection(ExtensibilityGlobals) = postSolution
		SolutionGuid = {88EE97BD-B366-429B-B6D3-4B690C0C8AA3}
	EndGlobalSection
EndGlobal
