
Microsoft Visual Studio Solution File, Format Version 12.00
Project("{FAE04EC0-301F-11D3-BF4B-00C04F79EFBC}") = "EdiParser", "EdiParser\EdiParser.csproj", "{7B1AAD6E-3737-4F8A-B04A-09AFCAE5526A}"
EndProject
Project("{FAE04EC0-301F-11D3-BF4B-00C04F79EFBC}") = "EdiParser.Tests", "..\tests\EdiParser.Tests\EdiParser.Tests.csproj", "{267150A5-A9E1-49E3-AD6E-CD6287FC1404}"
EndProject
Global
	GlobalSection(SolutionConfigurationPlatforms) = preSolution
		Debug|Any CPU = Debug|Any CPU
		Release|Any CPU = Release|Any CPU
	EndGlobalSection
	GlobalSection(ProjectConfigurationPlatforms) = postSolution
		{7B1AAD6E-3737-4F8A-B04A-09AFCAE5526A}.Debug|Any CPU.ActiveCfg = Debug|Any CPU
		{7B1AAD6E-3737-4F8A-B04A-09AFCAE5526A}.Debug|Any CPU.Build.0 = Debug|Any CPU
		{7B1AAD6E-3737-4F8A-B04A-09AFCAE5526A}.Release|Any CPU.ActiveCfg = Release|Any CPU
		{7B1AAD6E-3737-4F8A-B04A-09AFCAE5526A}.Release|Any CPU.Build.0 = Release|Any CPU
		{267150A5-A9E1-49E3-AD6E-CD6287FC1404}.Debug|Any CPU.ActiveCfg = Debug|Any CPU
		{267150A5-A9E1-49E3-AD6E-CD6287FC1404}.Debug|Any CPU.Build.0 = Debug|Any CPU
		{267150A5-A9E1-49E3-AD6E-CD6287FC1404}.Release|Any CPU.ActiveCfg = Release|Any CPU
		{267150A5-A9E1-49E3-AD6E-CD6287FC1404}.Release|Any CPU.Build.0 = Release|Any CPU
	EndGlobalSection
EndGlobal
